
Microsoft Visual Studio Solution File, Format Version 12.00
# Visual Studio Version 16
VisualStudioVersion = 16.0.29123.88
MinimumVisualStudioVersion = 10.0.40219.1
Project("{2150E333-8FDC-42A3-9474-1A3956D46DE8}") = "03. EndPoints", "03. EndPoints", "{25CE39AC-FC9B-40B6-9B3B-BE00A71662FF}"
EndProject
Project("{9A19103F-16F7-4668-BE54-9A1E7A4F7556}") = "NikamoozBuild2019.WindowsFormCore", "NikamoozBuild2019.WindowsFormCore\NikamoozBuild2019.WindowsFormCore.csproj", "{AAC4DC1D-5291-4531-B2B8-32165F7D24F8}"
EndProject
Project("{2150E333-8FDC-42A3-9474-1A3956D46DE8}") = "02. Infrastructures", "02. Infrastructures", "{BB7E75A4-E9FB-47DD-82AF-E8E9B95A55BF}"
EndProject
Project("{FAE04EC0-301F-11D3-BF4B-00C04F79EFBC}") = "NikamoozBuild2019.DAL.DotNetFramework", "NikamoozBuild2019.DAL.DotNetFramework\NikamoozBuild2019.DAL.DotNetFramework.csproj", "{13574048-AAC4-46BE-BAD1-1273F79A36A8}"
EndProject
Project("{2150E333-8FDC-42A3-9474-1A3956D46DE8}") = "01. Models", "01. Models", "{5214F024-9616-4362-A85C-1336AB1C83A9}"
EndProject
Project("{FAE04EC0-301F-11D3-BF4B-00C04F79EFBC}") = "NikamoozBuild2019.ModelDotnetFramework", "NikamoozBuild2019.ModelDotnetFramework\NikamoozBuild2019.ModelDotnetFramework.csproj", "{43AF564B-17C8-4345-94AF-41D5F6AF102C}"
EndProject
Project("{9A19103F-16F7-4668-BE54-9A1E7A4F7556}") = "NikamoozBuild2019.ModelAfterMigrate", "NikamoozBuild2019.ModelAfterMigrate\NikamoozBuild2019.ModelAfterMigrate.csproj", "{CAA8178F-E510-4042-9A3D-6CAA9C008269}"
EndProject
Project("{9A19103F-16F7-4668-BE54-9A1E7A4F7556}") = "NikamoozBuild2019.DAL.AfterMigrate", "NikamoozBuild2019.DAL.AfterMigrate\NikamoozBuild2019.DAL.AfterMigrate.csproj", "{20C2AF9B-D3E8-4B5A-A97F-D0CCA24388F6}"
EndProject
Project("{FAE04EC0-301F-11D3-BF4B-00C04F79EFBC}") = "NikamoozBuild2019.WindowsForm", "NikamoozBuild2019.WindowsForm\NikamoozBuild2019.WindowsForm.csproj", "{D0101DB8-2A4E-49BB-8154-87E93F486C7B}"
EndProject
Project("{FAE04EC0-301F-11D3-BF4B-00C04F79EFBC}") = "NikamoozBuild2019.WindowsFormAfterMigrate", "NikamoozBuild2019.WindowsFormAfterMigrate\NikamoozBuild2019.WindowsFormAfterMigrate.csproj", "{15F8917A-64AC-4D89-8A07-985AE70BDC32}"
EndProject
Global
	GlobalSection(SolutionConfigurationPlatforms) = preSolution
		Debug|Any CPU = Debug|Any CPU
		Release|Any CPU = Release|Any CPU
	EndGlobalSection
	GlobalSection(ProjectConfigurationPlatforms) = postSolution
		{AAC4DC1D-5291-4531-B2B8-32165F7D24F8}.Debug|Any CPU.ActiveCfg = Debug|Any CPU
		{AAC4DC1D-5291-4531-B2B8-32165F7D24F8}.Debug|Any CPU.Build.0 = Debug|Any CPU
		{AAC4DC1D-5291-4531-B2B8-32165F7D24F8}.Release|Any CPU.ActiveCfg = Release|Any CPU
		{AAC4DC1D-5291-4531-B2B8-32165F7D24F8}.Release|Any CPU.Build.0 = Release|Any CPU
		{13574048-AAC4-46BE-BAD1-1273F79A36A8}.Debug|Any CPU.ActiveCfg = Debug|Any CPU
		{13574048-AAC4-46BE-BAD1-1273F79A36A8}.Debug|Any CPU.Build.0 = Debug|Any CPU
		{13574048-AAC4-46BE-BAD1-1273F79A36A8}.Release|Any CPU.ActiveCfg = Release|Any CPU
		{13574048-AAC4-46BE-BAD1-1273F79A36A8}.Release|Any CPU.Build.0 = Release|Any CPU
		{43AF564B-17C8-4345-94AF-41D5F6AF102C}.Debug|Any CPU.ActiveCfg = Debug|Any CPU
		{43AF564B-17C8-4345-94AF-41D5F6AF102C}.Debug|Any CPU.Build.0 = Debug|Any CPU
		{43AF564B-17C8-4345-94AF-41D5F6AF102C}.Release|Any CPU.ActiveCfg = Release|Any CPU
		{43AF564B-17C8-4345-94AF-41D5F6AF102C}.Release|Any CPU.Build.0 = Release|Any CPU
		{CAA8178F-E510-4042-9A3D-6CAA9C008269}.Debug|Any CPU.ActiveCfg = Debug|Any CPU
		{CAA8178F-E510-4042-9A3D-6CAA9C008269}.Debug|Any CPU.Build.0 = Debug|Any CPU
		{CAA8178F-E510-4042-9A3D-6CAA9C008269}.Release|Any CPU.ActiveCfg = Release|Any CPU
		{CAA8178F-E510-4042-9A3D-6CAA9C008269}.Release|Any CPU.Build.0 = Release|Any CPU
		{20C2AF9B-D3E8-4B5A-A97F-D0CCA24388F6}.Debug|Any CPU.ActiveCfg = Debug|Any CPU
		{20C2AF9B-D3E8-4B5A-A97F-D0CCA24388F6}.Debug|Any CPU.Build.0 = Debug|Any CPU
		{20C2AF9B-D3E8-4B5A-A97F-D0CCA24388F6}.Release|Any CPU.ActiveCfg = Release|Any CPU
		{20C2AF9B-D3E8-4B5A-A97F-D0CCA24388F6}.Release|Any CPU.Build.0 = Release|Any CPU
		{D0101DB8-2A4E-49BB-8154-87E93F486C7B}.Debug|Any CPU.ActiveCfg = Debug|Any CPU
		{D0101DB8-2A4E-49BB-8154-87E93F486C7B}.Debug|Any CPU.Build.0 = Debug|Any CPU
		{D0101DB8-2A4E-49BB-8154-87E93F486C7B}.Release|Any CPU.ActiveCfg = Release|Any CPU
		{D0101DB8-2A4E-49BB-8154-87E93F486C7B}.Release|Any CPU.Build.0 = Release|Any CPU
		{15F8917A-64AC-4D89-8A07-985AE70BDC32}.Debug|Any CPU.ActiveCfg = Debug|Any CPU
		{15F8917A-64AC-4D89-8A07-985AE70BDC32}.Debug|Any CPU.Build.0 = Debug|Any CPU
		{15F8917A-64AC-4D89-8A07-985AE70BDC32}.Release|Any CPU.ActiveCfg = Release|Any CPU
		{15F8917A-64AC-4D89-8A07-985AE70BDC32}.Release|Any CPU.Build.0 = Release|Any CPU
	EndGlobalSection
	GlobalSection(SolutionProperties) = preSolution
		HideSolutionNode = FALSE
	EndGlobalSection
	GlobalSection(NestedProjects) = preSolution
		{AAC4DC1D-5291-4531-B2B8-32165F7D24F8} = {25CE39AC-FC9B-40B6-9B3B-BE00A71662FF}
		{13574048-AAC4-46BE-BAD1-1273F79A36A8} = {BB7E75A4-E9FB-47DD-82AF-E8E9B95A55BF}
		{43AF564B-17C8-4345-94AF-41D5F6AF102C} = {5214F024-9616-4362-A85C-1336AB1C83A9}
		{CAA8178F-E510-4042-9A3D-6CAA9C008269} = {5214F024-9616-4362-A85C-1336AB1C83A9}
		{20C2AF9B-D3E8-4B5A-A97F-D0CCA24388F6} = {BB7E75A4-E9FB-47DD-82AF-E8E9B95A55BF}
		{D0101DB8-2A4E-49BB-8154-87E93F486C7B} = {25CE39AC-FC9B-40B6-9B3B-BE00A71662FF}
		{15F8917A-64AC-4D89-8A07-985AE70BDC32} = {25CE39AC-FC9B-40B6-9B3B-BE00A71662FF}
	EndGlobalSection
	GlobalSection(ExtensibilityGlobals) = postSolution
		SolutionGuid = {6CEF429B-3CD7-4162-9247-E1934457C1D9}
	EndGlobalSection
EndGlobal
