
Microsoft Visual Studio Solution File, Format Version 12.00
# Visual Studio Version 16
VisualStudioVersion = 16.0.29201.188
MinimumVisualStudioVersion = 10.0.40219.1
Project("{FAE04EC0-301F-11D3-BF4B-00C04F79EFBC}") = "NikamoozBuild2019Web.Blazor", "NikamoozBuild2019Web.Blazor\NikamoozBuild2019Web.Blazor.csproj", "{494BB180-D54A-40A1-B7FF-122DAC0CE74A}"
EndProject
Project("{FAE04EC0-301F-11D3-BF4B-00C04F79EFBC}") = "NikamoozBuild2019Web.Models", "NikamoozBuild2019Web.Models\NikamoozBuild2019Web.Models.csproj", "{5B1A1B1E-D92E-4BB5-876B-42745E8F2416}"
EndProject
Global
	GlobalSection(SolutionConfigurationPlatforms) = preSolution
		Debug|Any CPU = Debug|Any CPU
		Release|Any CPU = Release|Any CPU
	EndGlobalSection
	GlobalSection(ProjectConfigurationPlatforms) = postSolution
		{494BB180-D54A-40A1-B7FF-122DAC0CE74A}.Debug|Any CPU.ActiveCfg = Debug|Any CPU
		{494BB180-D54A-40A1-B7FF-122DAC0CE74A}.Debug|Any CPU.Build.0 = Debug|Any CPU
		{494BB180-D54A-40A1-B7FF-122DAC0CE74A}.Release|Any CPU.ActiveCfg = Release|Any CPU
		{494BB180-D54A-40A1-B7FF-122DAC0CE74A}.Release|Any CPU.Build.0 = Release|Any CPU
		{5B1A1B1E-D92E-4BB5-876B-42745E8F2416}.Debug|Any CPU.ActiveCfg = Debug|Any CPU
		{5B1A1B1E-D92E-4BB5-876B-42745E8F2416}.Debug|Any CPU.Build.0 = Debug|Any CPU
		{5B1A1B1E-D92E-4BB5-876B-42745E8F2416}.Release|Any CPU.ActiveCfg = Release|Any CPU
		{5B1A1B1E-D92E-4BB5-876B-42745E8F2416}.Release|Any CPU.Build.0 = Release|Any CPU
	EndGlobalSection
	GlobalSection(SolutionProperties) = preSolution
		HideSolutionNode = FALSE
	EndGlobalSection
	GlobalSection(ExtensibilityGlobals) = postSolution
		SolutionGuid = {965A079A-747A-4303-AA17-230DA581499A}
	EndGlobalSection
EndGlobal
